PODS:
  - AFNetworking (2.5.0):
    - AFNetworking/NSURLConnection (= 2.5.0)
    - AFNetworking/NSURLSession (= 2.5.0)
    - AFNetworking/Reachability (= 2.5.0)
    - AFNetworking/Security (= 2.5.0)
    - AFNetworking/Serialization (= 2.5.0)
    - AFNetworking/UIKit (= 2.5.0)
  - AFNetworking/NSURLConnection (2.5.0):
    - AFNetworking/Reachability
    - AFNetworking/Security
    - AFNetworking/Serialization
  - AFNetworking/NSURLSession (2.5.0):
    - AFNetworking/Reachability
    - AFNetworking/Security
    - AFNetworking/Serialization
  - AFNetworking/Reachability (2.5.0)
  - AFNetworking/Security (2.5.0)
  - AFNetworking/Serialization (2.5.0)
  - AFNetworking/UIKit (2.5.0):
    - AFNetworking/NSURLConnection
    - AFNetworking/NSURLSession
  - DACircularProgress (2.2.0)
  - MBProgressHUD (0.9.1)
  - MWPhotoBrowser (1.4.1):
    - MBProgressHUD (~> 0.8)
    - PSTCollectionView (~> 1.2)
    - SDWebImage (~> 3.7)
  - PSTCollectionView (1.2.3)
  - SDWebImage (3.7.2):
    - SDWebImage/Core (= 3.7.2)
  - SDWebImage/Core (3.7.2)
  - TUSafariActivity (1.0.4)
  - UINavigationItem+Loading (1.1)

DEPENDENCIES:
  - AFNetworking (= 2.5.0)
  - DACircularProgress (from `https://github.com/8ofproject/DACircularProgress`)
  - MWPhotoBrowser (from `https://github.com/8ofproject/MWPhotoBrowser`)
  - TUSafariActivity (~> 1.0)
  - UINavigationItem+Loading (~> 1.1)

EXTERNAL SOURCES:
  DACircularProgress:
    :git: https://github.com/8ofproject/DACircularProgress
  MWPhotoBrowser:
    :git: https://github.com/8ofproject/MWPhotoBrowser

CHECKOUT OPTIONS:
  DACircularProgress:
    :commit: bb909d054217ba74844478917f4379788f22567a
    :git: https://github.com/8ofproject/DACircularProgress
  MWPhotoBrowser:
    :commit: 4c52cb4c570eda7deb95d9df9d04e22656c6219f
    :git: https://github.com/8ofproject/MWPhotoBrowser

SPEC CHECKSUMS:
  AFNetworking: 96ac9bf3eda33582701cb1fcc5b896aa1e20311e
  DACircularProgress: fb152943b9366c3fbd715a69f04c14b9db91f6c3
  MBProgressHUD: c47f2c166c126cf2ce36498d80f33e754d4e93ad
  MWPhotoBrowser: 906376af1d69be9aa23a5461063d89f3dd0c9cba
  PSTCollectionView: 6749df92885353521f55279a7ce2b293762e2be4
  SDWebImage: 71b7cdc1d1721d6a82ed62889030225f2c249e29
  TUSafariActivity: afc55a00965377939107ce4fdc7f951f62454546
  UINavigationItem+Loading: e61d7963495d8a19b6d3825d867ed60db9b218b6

COCOAPODS: 0.36.4
