// !$*UTF8*$!
{
	archiveVersion = 1;
	classes = {
	};
	objectVersion = 46;
	objects = {

/* Begin PBXBuildFile section */
		624BA24D3A4258536D63526C /* libPods.a in Frameworks */ = {isa = PBXBuildFile; fileRef = DB2041C9957E17E7EBCCE65F /* libPods.a */; };
		840BFBBB1AA1B08A007651D9 /* CoreGraphics.framework in Frameworks */ = {isa = PBXBuildFile; fileRef = 840BFBBA1AA1B08A007651D9 /* CoreGraphics.framework */; };
		8428B63A19EDAC74007973A8 /* UIKit.framework in Frameworks */ = {isa = PBXBuildFile; fileRef = 8428B63919EDAC74007973A8 /* UIKit.framework */; };
		842E84E219E729F800CB9740 /* Foundation.framework in Frameworks */ = {isa = PBXBuildFile; fileRef = 842E84E119E729F800CB9740 /* Foundation.framework */; };
		84653B6B1ABB61C800F0BD19 /* DVBPostPreparation.m in Sources */ = {isa = PBXBuildFile; fileRef = 84653B6A1ABB61C800F0BD19 /* DVBPostPreparation.m */; };
		8497BF2C1AD3F978001616C2 /* UrlNinja.m in Sources */ = {isa = PBXBuildFile; fileRef = 8497BF2B1AD3F978001616C2 /* UrlNinja.m */; };
		8497BF341AD3F98F001616C2 /* GTMNSString+HTML.m in Sources */ = {isa = PBXBuildFile; fileRef = 8497BF2F1AD3F98F001616C2 /* GTMNSString+HTML.m */; };
		8497BF351AD3F98F001616C2 /* NSString+HTML.m in Sources */ = {isa = PBXBuildFile; fileRef = 8497BF311AD3F98F001616C2 /* NSString+HTML.m */; };
		84AA9A1319E5E5D2009C2811 /* SystemConfiguration.framework in Frameworks */ = {isa = PBXBuildFile; fileRef = 84AA9A1219E5E5D2009C2811 /* SystemConfiguration.framework */; };
		84B74E671AE58D9300B7188E /* Reachlibility.m in Sources */ = {isa = PBXBuildFile; fileRef = 84B74E661AE58D9300B7188E /* Reachlibility.m */; };
		84CFC51019E1526E004D0BB8 /* main.m in Sources */ = {isa = PBXBuildFile; fileRef = 84CFC50F19E1526E004D0BB8 /* main.m */; };
		84CFC51319E1526E004D0BB8 /* AppDelegate.m in Sources */ = {isa = PBXBuildFile; fileRef = 84CFC51219E1526E004D0BB8 /* AppDelegate.m */; };
		84CFC51919E1526E004D0BB8 /* Main.storyboard in Resources */ = {isa = PBXBuildFile; fileRef = 84CFC51719E1526E004D0BB8 /* Main.storyboard */; };
		84CFC51B19E1526E004D0BB8 /* Images.xcassets in Resources */ = {isa = PBXBuildFile; fileRef = 84CFC51A19E1526E004D0BB8 /* Images.xcassets */; };
		84CFC52A19E1526E004D0BB8 /* dvach_browserTests.m in Sources */ = {isa = PBXBuildFile; fileRef = 84CFC52919E1526E004D0BB8 /* dvach_browserTests.m */; };
		84E29DC91AE59FA10023EEB6 /* Settings.bundle in Resources */ = {isa = PBXBuildFile; fileRef = 84E29DC81AE59FA10023EEB6 /* Settings.bundle */; };
		9432BEF31AC821650015CA9F /* CoreData.framework in Frameworks */ = {isa = PBXBuildFile; fileRef = 9432BEF21AC821650015CA9F /* CoreData.framework */; };
		9432BEF61AC821B40015CA9F /* dvach-browser.xcdatamodeld in Sources */ = {isa = PBXBuildFile; fileRef = 9432BEF41AC821B40015CA9F /* dvach-browser.xcdatamodeld */; };
		9436ADD61AD1B83B00785710 /* DateFormatter.m in Sources */ = {isa = PBXBuildFile; fileRef = 9436ADD51AD1B83B00785710 /* DateFormatter.m */; };
		94449B401AD02E9700307AE9 /* BoardCategories.plist in Resources */ = {isa = PBXBuildFile; fileRef = 94449B3F1AD02E9700307AE9 /* BoardCategories.plist */; };
		946394161A87A26C004CAB6E /* BadBoards.plist in Resources */ = {isa = PBXBuildFile; fileRef = 946394151A87A26C004CAB6E /* BadBoards.plist */; };
		94A2564F1AB60C2600A31230 /* DVBMessagePostServerAnswer.m in Sources */ = {isa = PBXBuildFile; fileRef = 94A2564E1AB60C2600A31230 /* DVBMessagePostServerAnswer.m */; };
		94DD37A71ACA7E5100C658EB /* DefaultBoards.plist in Resources */ = {isa = PBXBuildFile; fileRef = 94DD37A61ACA7E5100C658EB /* DefaultBoards.plist */; };
		A100A4521AAEF56F0027F917 /* DVBBoardModel.m in Sources */ = {isa = PBXBuildFile; fileRef = A100A4511AAEF56F0027F917 /* DVBBoardModel.m */; };
		A15552351ABC06EF00E7DB1D /* DVBThreadModel.m in Sources */ = {isa = PBXBuildFile; fileRef = A15552341ABC06EF00E7DB1D /* DVBThreadModel.m */; };
		A15552381ABC3CD500E7DB1D /* DVBWrapMenuItem.m in Sources */ = {isa = PBXBuildFile; fileRef = A15552371ABC3CD500E7DB1D /* DVBWrapMenuItem.m */; };
		A155FEEF1AB7355600BE31F4 /* DVBAgreementViewController.m in Sources */ = {isa = PBXBuildFile; fileRef = A155FEE41AB7355600BE31F4 /* DVBAgreementViewController.m */; };
		A155FEF01AB7355600BE31F4 /* DVBBoardsViewController.m in Sources */ = {isa = PBXBuildFile; fileRef = A155FEE61AB7355600BE31F4 /* DVBBoardsViewController.m */; };
		A155FEF11AB7355600BE31F4 /* DVBBoardViewController.m in Sources */ = {isa = PBXBuildFile; fileRef = A155FEE81AB7355600BE31F4 /* DVBBoardViewController.m */; };
		A155FEF21AB7355600BE31F4 /* DVBCreatePostViewController.m in Sources */ = {isa = PBXBuildFile; fileRef = A155FEEA1AB7355600BE31F4 /* DVBCreatePostViewController.m */; };
		A155FEF41AB7355600BE31F4 /* DVBThreadViewController.m in Sources */ = {isa = PBXBuildFile; fileRef = A155FEEE1AB7355600BE31F4 /* DVBThreadViewController.m */; };
		A155FF031AB735DD00BE31F4 /* DVBAlertViewGenerator.m in Sources */ = {isa = PBXBuildFile; fileRef = A155FEF61AB735DD00BE31F4 /* DVBAlertViewGenerator.m */; };
		A155FF041AB735DD00BE31F4 /* DVBBadPostStorage.m in Sources */ = {isa = PBXBuildFile; fileRef = A155FEF81AB735DD00BE31F4 /* DVBBadPostStorage.m */; };
		A155FF051AB735DD00BE31F4 /* DVBBoardsModel.m in Sources */ = {isa = PBXBuildFile; fileRef = A155FEFA1AB735DD00BE31F4 /* DVBBoardsModel.m */; };
		A155FF061AB735DD00BE31F4 /* DVBComment.m in Sources */ = {isa = PBXBuildFile; fileRef = A155FEFC1AB735DD00BE31F4 /* DVBComment.m */; };
		A155FF071AB735DD00BE31F4 /* DVBConstants.m in Sources */ = {isa = PBXBuildFile; fileRef = A155FEFE1AB735DD00BE31F4 /* DVBConstants.m */; };
		A155FF081AB735DD00BE31F4 /* DVBNetworking.m in Sources */ = {isa = PBXBuildFile; fileRef = A155FF001AB735DD00BE31F4 /* DVBNetworking.m */; };
		A155FF091AB735DD00BE31F4 /* DVBValidation.m in Sources */ = {isa = PBXBuildFile; fileRef = A155FF021AB735DD00BE31F4 /* DVBValidation.m */; };
		A155FF141AB7362A00BE31F4 /* DVBBadPost.m in Sources */ = {isa = PBXBuildFile; fileRef = A155FF0B1AB7362A00BE31F4 /* DVBBadPost.m */; };
		A155FF151AB7362A00BE31F4 /* DVBBoard.m in Sources */ = {isa = PBXBuildFile; fileRef = A155FF0D1AB7362A00BE31F4 /* DVBBoard.m */; };
		A155FF161AB7362A00BE31F4 /* DVBPost.m in Sources */ = {isa = PBXBuildFile; fileRef = A155FF0F1AB7362A00BE31F4 /* DVBPost.m */; };
		A155FF171AB7362A00BE31F4 /* DVBStatus.m in Sources */ = {isa = PBXBuildFile; fileRef = A155FF111AB7362A00BE31F4 /* DVBStatus.m */; };
		A155FF181AB7362A00BE31F4 /* DVBThread.m in Sources */ = {isa = PBXBuildFile; fileRef = A155FF131AB7362A00BE31F4 /* DVBThread.m */; };
		A155FF1F1AB7366000BE31F4 /* DVBBoardTableViewCell.m in Sources */ = {isa = PBXBuildFile; fileRef = A155FF1A1AB7366000BE31F4 /* DVBBoardTableViewCell.m */; };
		A155FF201AB7366000BE31F4 /* DVBPostTableViewCell.m in Sources */ = {isa = PBXBuildFile; fileRef = A155FF1C1AB7366000BE31F4 /* DVBPostTableViewCell.m */; };
		A155FF211AB7366000BE31F4 /* DVBThreadTableViewCell.m in Sources */ = {isa = PBXBuildFile; fileRef = A155FF1E1AB7366000BE31F4 /* DVBThreadTableViewCell.m */; };
		A155FF5A1AB736F100BE31F4 /* DVBDismissSegue.m in Sources */ = {isa = PBXBuildFile; fileRef = A155FF591AB736F100BE31F4 /* DVBDismissSegue.m */; };
		A15896001AB9787200D309E0 /* DVBBrowserViewControllerBuilder.m in Sources */ = {isa = PBXBuildFile; fileRef = A15895FF1AB9787200D309E0 /* DVBBrowserViewControllerBuilder.m */; };
/* End PBXBuildFile section */

/* Begin PBXContainerItemProxy section */
		84CFC52419E1526E004D0BB8 /* PBXContainerItemProxy */ = {
			isa = PBXContainerItemProxy;
			containerPortal = 84CFC50219E1526E004D0BB8 /* Project object */;
			proxyType = 1;
			remoteGlobalIDString = 84CFC50919E1526E004D0BB8;
			remoteInfo = "dvach-browser";
		};
/* End PBXContainerItemProxy section */

/* Begin PBXFileReference section */
		24704D5E096DD80DBD0AD4EC /* Pods.debug.xcconfig */ = {isa = PBXFileReference; includeInIndex = 1; lastKnownFileType = text.xcconfig; name = Pods.debug.xcconfig; path = "Pods/Target Support Files/Pods/Pods.debug.xcconfig"; sourceTree = "<group>"; };
		840BFBBA1AA1B08A007651D9 /* CoreGraphics.framework */ = {isa = PBXFileReference; lastKnownFileType = wrapper.framework; name = CoreGraphics.framework; path = System/Library/Frameworks/CoreGraphics.framework; sourceTree = SDKROOT; };
		8428B63919EDAC74007973A8 /* UIKit.framework */ = {isa = PBXFileReference; lastKnownFileType = wrapper.framework; name = UIKit.framework; path = System/Library/Frameworks/UIKit.framework; sourceTree = SDKROOT; };
		842E84E119E729F800CB9740 /* Foundation.framework */ = {isa = PBXFileReference; lastKnownFileType = wrapper.framework; name = Foundation.framework; path = System/Library/Frameworks/Foundation.framework; sourceTree = SDKROOT; };
		84653B691ABB61C800F0BD19 /* DVBPostPreparation.h */ = {isa = PBXFileReference; fileEncoding = 4; lastKnownFileType = sourcecode.c.h; name = DVBPostPreparation.h; path = Models/DVBPostPreparation.h; sourceTree = "<group>"; };
		84653B6A1ABB61C800F0BD19 /* DVBPostPreparation.m */ = {isa = PBXFileReference; fileEncoding = 4; lastKnownFileType = sourcecode.c.objc; name = DVBPostPreparation.m; path = Models/DVBPostPreparation.m; sourceTree = "<group>"; };
		8497BF2A1AD3F978001616C2 /* UrlNinja.h */ = {isa = PBXFileReference; fileEncoding = 4; lastKnownFileType = sourcecode.c.h; name = UrlNinja.h; path = Helpers/UrlNinja.h; sourceTree = "<group>"; };
		8497BF2B1AD3F978001616C2 /* UrlNinja.m */ = {isa = PBXFileReference; fileEncoding = 4; lastKnownFileType = sourcecode.c.objc; name = UrlNinja.m; path = Helpers/UrlNinja.m; sourceTree = "<group>"; };
		8497BF2E1AD3F98F001616C2 /* GTMNSString+HTML.h */ = {isa = PBXFileReference; fileEncoding = 4; lastKnownFileType = sourcecode.c.h; name = "GTMNSString+HTML.h"; path = "Helpers/Third party/GTMNSString+HTML.h"; sourceTree = "<group>"; };
		8497BF2F1AD3F98F001616C2 /* GTMNSString+HTML.m */ = {isa = PBXFileReference; fileEncoding = 4; lastKnownFileType = sourcecode.c.objc; name = "GTMNSString+HTML.m"; path = "Helpers/Third party/GTMNSString+HTML.m"; sourceTree = "<group>"; };
		8497BF301AD3F98F001616C2 /* NSString+HTML.h */ = {isa = PBXFileReference; fileEncoding = 4; lastKnownFileType = sourcecode.c.h; name = "NSString+HTML.h"; path = "Helpers/Third party/NSString+HTML.h"; sourceTree = "<group>"; };
		8497BF311AD3F98F001616C2 /* NSString+HTML.m */ = {isa = PBXFileReference; fileEncoding = 4; lastKnownFileType = sourcecode.c.objc; name = "NSString+HTML.m"; path = "Helpers/Third party/NSString+HTML.m"; sourceTree = "<group>"; };
		84AA9A1219E5E5D2009C2811 /* SystemConfiguration.framework */ = {isa = PBXFileReference; lastKnownFileType = wrapper.framework; name = SystemConfiguration.framework; path = System/Library/Frameworks/SystemConfiguration.framework; sourceTree = SDKROOT; };
		84B74E651AE58D9300B7188E /* Reachlibility.h */ = {isa = PBXFileReference; fileEncoding = 4; lastKnownFileType = sourcecode.c.h; name = Reachlibility.h; path = "Helpers/Third party/Reachlibility.h"; sourceTree = "<group>"; };
		84B74E661AE58D9300B7188E /* Reachlibility.m */ = {isa = PBXFileReference; fileEncoding = 4; lastKnownFileType = sourcecode.c.objc; name = Reachlibility.m; path = "Helpers/Third party/Reachlibility.m"; sourceTree = "<group>"; };
		84CFC50A19E1526E004D0BB8 /* dvach-browser.app */ = {isa = PBXFileReference; explicitFileType = wrapper.application; includeInIndex = 0; path = "dvach-browser.app"; sourceTree = BUILT_PRODUCTS_DIR; };
		84CFC50E19E1526E004D0BB8 /* Info.plist */ = {isa = PBXFileReference; lastKnownFileType = text.plist.xml; path = Info.plist; sourceTree = "<group>"; };
		84CFC50F19E1526E004D0BB8 /* main.m */ = {isa = PBXFileReference; lastKnownFileType = sourcecode.c.objc; path = main.m; sourceTree = "<group>"; };
		84CFC51119E1526E004D0BB8 /* AppDelegate.h */ = {isa = PBXFileReference; lastKnownFileType = sourcecode.c.h; path = AppDelegate.h; sourceTree = "<group>"; };
		84CFC51219E1526E004D0BB8 /* AppDelegate.m */ = {isa = PBXFileReference; lastKnownFileType = sourcecode.c.objc; path = AppDelegate.m; sourceTree = "<group>"; };
		84CFC51819E1526E004D0BB8 /* Base */ = {isa = PBXFileReference; lastKnownFileType = file.storyboard; name = Base; path = Base.lproj/Main.storyboard; sourceTree = "<group>"; };
		84CFC51A19E1526E004D0BB8 /* Images.xcassets */ = {isa = PBXFileReference; lastKnownFileType = folder.assetcatalog; path = Images.xcassets; sourceTree = "<group>"; };
		84CFC52319E1526E004D0BB8 /* dvach-browserTests.xctest */ = {isa = PBXFileReference; explicitFileType = wrapper.cfbundle; includeInIndex = 0; path = "dvach-browserTests.xctest"; sourceTree = BUILT_PRODUCTS_DIR; };
		84CFC52819E1526E004D0BB8 /* Info.plist */ = {isa = PBXFileReference; lastKnownFileType = text.plist.xml; path = Info.plist; sourceTree = "<group>"; };
		84CFC52919E1526E004D0BB8 /* dvach_browserTests.m */ = {isa = PBXFileReference; lastKnownFileType = sourcecode.c.objc; path = dvach_browserTests.m; sourceTree = "<group>"; };
		84E29DC81AE59FA10023EEB6 /* Settings.bundle */ = {isa = PBXFileReference; lastKnownFileType = "wrapper.plug-in"; path = Settings.bundle; sourceTree = "<group>"; };
		8B86A1FA1CD0BE0D673988F6 /* Pods.release.xcconfig */ = {isa = PBXFileReference; includeInIndex = 1; lastKnownFileType = text.xcconfig; name = Pods.release.xcconfig; path = "Pods/Target Support Files/Pods/Pods.release.xcconfig"; sourceTree = "<group>"; };
		9432BEF21AC821650015CA9F /* CoreData.framework */ = {isa = PBXFileReference; lastKnownFileType = wrapper.framework; name = CoreData.framework; path = System/Library/Frameworks/CoreData.framework; sourceTree = SDKROOT; };
		9432BEF51AC821B40015CA9F /* dvach-browser.xcdatamodel */ = {isa = PBXFileReference; lastKnownFileType = wrapper.xcdatamodel; path = "dvach-browser.xcdatamodel"; sourceTree = "<group>"; };
		9436ADD41AD1B83B00785710 /* DateFormatter.h */ = {isa = PBXFileReference; fileEncoding = 4; lastKnownFileType = sourcecode.c.h; name = DateFormatter.h; path = Helpers/DateFormatter.h; sourceTree = "<group>"; };
		9436ADD51AD1B83B00785710 /* DateFormatter.m */ = {isa = PBXFileReference; fileEncoding = 4; lastKnownFileType = sourcecode.c.objc; name = DateFormatter.m; path = Helpers/DateFormatter.m; sourceTree = "<group>"; };
		94449B3F1AD02E9700307AE9 /* BoardCategories.plist */ = {isa = PBXFileReference; fileEncoding = 4; lastKnownFileType = text.plist.xml; path = BoardCategories.plist; sourceTree = "<group>"; };
		946394151A87A26C004CAB6E /* BadBoards.plist */ = {isa = PBXFileReference; fileEncoding = 4; lastKnownFileType = text.plist.xml; path = BadBoards.plist; sourceTree = "<group>"; };
		94A2564D1AB60C2600A31230 /* DVBMessagePostServerAnswer.h */ = {isa = PBXFileReference; fileEncoding = 4; lastKnownFileType = sourcecode.c.h; name = DVBMessagePostServerAnswer.h; path = Models/Objects/DVBMessagePostServerAnswer.h; sourceTree = "<group>"; };
		94A2564E1AB60C2600A31230 /* DVBMessagePostServerAnswer.m */ = {isa = PBXFileReference; fileEncoding = 4; lastKnownFileType = sourcecode.c.objc; name = DVBMessagePostServerAnswer.m; path = Models/Objects/DVBMessagePostServerAnswer.m; sourceTree = "<group>"; };
		94DD37A61ACA7E5100C658EB /* DefaultBoards.plist */ = {isa = PBXFileReference; fileEncoding = 4; lastKnownFileType = text.plist.xml; path = DefaultBoards.plist; sourceTree = "<group>"; };
		A100A4501AAEF56F0027F917 /* DVBBoardModel.h */ = {isa = PBXFileReference; fileEncoding = 4; lastKnownFileType = sourcecode.c.h; name = DVBBoardModel.h; path = Models/DVBBoardModel.h; sourceTree = "<group>"; };
		A100A4511AAEF56F0027F917 /* DVBBoardModel.m */ = {isa = PBXFileReference; fileEncoding = 4; lastKnownFileType = sourcecode.c.objc; name = DVBBoardModel.m; path = Models/DVBBoardModel.m; sourceTree = "<group>"; };
		A15552331ABC06EF00E7DB1D /* DVBThreadModel.h */ = {isa = PBXFileReference; fileEncoding = 4; lastKnownFileType = sourcecode.c.h; name = DVBThreadModel.h; path = Models/DVBThreadModel.h; sourceTree = "<group>"; };
		A15552341ABC06EF00E7DB1D /* DVBThreadModel.m */ = {isa = PBXFileReference; fileEncoding = 4; lastKnownFileType = sourcecode.c.objc; name = DVBThreadModel.m; path = Models/DVBThreadModel.m; sourceTree = "<group>"; };
		A15552361ABC3CD500E7DB1D /* DVBWrapMenuItem.h */ = {isa = PBXFileReference; fileEncoding = 4; lastKnownFileType = sourcecode.c.h; name = DVBWrapMenuItem.h; path = Views/DVBWrapMenuItem.h; sourceTree = "<group>"; };
		A15552371ABC3CD500E7DB1D /* DVBWrapMenuItem.m */ = {isa = PBXFileReference; fileEncoding = 4; lastKnownFileType = sourcecode.c.objc; name = DVBWrapMenuItem.m; path = Views/DVBWrapMenuItem.m; sourceTree = "<group>"; };
		A155FEE31AB7355600BE31F4 /* DVBAgreementViewController.h */ = {isa = PBXFileReference; fileEncoding = 4; lastKnownFileType = sourcecode.c.h; name = DVBAgreementViewController.h; path = Controllers/DVBAgreementViewController.h; sourceTree = "<group>"; };
		A155FEE41AB7355600BE31F4 /* DVBAgreementViewController.m */ = {isa = PBXFileReference; fileEncoding = 4; lastKnownFileType = sourcecode.c.objc; name = DVBAgreementViewController.m; path = Controllers/DVBAgreementViewController.m; sourceTree = "<group>"; };
		A155FEE51AB7355600BE31F4 /* DVBBoardsViewController.h */ = {isa = PBXFileReference; fileEncoding = 4; lastKnownFileType = sourcecode.c.h; name = DVBBoardsViewController.h; path = Controllers/DVBBoardsViewController.h; sourceTree = "<group>"; };
		A155FEE61AB7355600BE31F4 /* DVBBoardsViewController.m */ = {isa = PBXFileReference; fileEncoding = 4; lastKnownFileType = sourcecode.c.objc; name = DVBBoardsViewController.m; path = Controllers/DVBBoardsViewController.m; sourceTree = "<group>"; };
		A155FEE71AB7355600BE31F4 /* DVBBoardViewController.h */ = {isa = PBXFileReference; fileEncoding = 4; lastKnownFileType = sourcecode.c.h; name = DVBBoardViewController.h; path = Controllers/DVBBoardViewController.h; sourceTree = "<group>"; };
		A155FEE81AB7355600BE31F4 /* DVBBoardViewController.m */ = {isa = PBXFileReference; fileEncoding = 4; lastKnownFileType = sourcecode.c.objc; name = DVBBoardViewController.m; path = Controllers/DVBBoardViewController.m; sourceTree = "<group>"; };
		A155FEE91AB7355600BE31F4 /* DVBCreatePostViewController.h */ = {isa = PBXFileReference; fileEncoding = 4; lastKnownFileType = sourcecode.c.h; name = DVBCreatePostViewController.h; path = Controllers/DVBCreatePostViewController.h; sourceTree = "<group>"; };
		A155FEEA1AB7355600BE31F4 /* DVBCreatePostViewController.m */ = {isa = PBXFileReference; fileEncoding = 4; lastKnownFileType = sourcecode.c.objc; name = DVBCreatePostViewController.m; path = Controllers/DVBCreatePostViewController.m; sourceTree = "<group>"; };
		A155FEED1AB7355600BE31F4 /* DVBThreadViewController.h */ = {isa = PBXFileReference; fileEncoding = 4; lastKnownFileType = sourcecode.c.h; name = DVBThreadViewController.h; path = Controllers/DVBThreadViewController.h; sourceTree = "<group>"; };
		A155FEEE1AB7355600BE31F4 /* DVBThreadViewController.m */ = {isa = PBXFileReference; fileEncoding = 4; lastKnownFileType = sourcecode.c.objc; name = DVBThreadViewController.m; path = Controllers/DVBThreadViewController.m; sourceTree = "<group>"; };
		A155FEF51AB735DD00BE31F4 /* DVBAlertViewGenerator.h */ = {isa = PBXFileReference; fileEncoding = 4; lastKnownFileType = sourcecode.c.h; name = DVBAlertViewGenerator.h; path = Models/DVBAlertViewGenerator.h; sourceTree = "<group>"; };
		A155FEF61AB735DD00BE31F4 /* DVBAlertViewGenerator.m */ = {isa = PBXFileReference; fileEncoding = 4; lastKnownFileType = sourcecode.c.objc; name = DVBAlertViewGenerator.m; path = Models/DVBAlertViewGenerator.m; sourceTree = "<group>"; };
		A155FEF71AB735DD00BE31F4 /* DVBBadPostStorage.h */ = {isa = PBXFileReference; fileEncoding = 4; lastKnownFileType = sourcecode.c.h; name = DVBBadPostStorage.h; path = Models/DVBBadPostStorage.h; sourceTree = "<group>"; };
		A155FEF81AB735DD00BE31F4 /* DVBBadPostStorage.m */ = {isa = PBXFileReference; fileEncoding = 4; lastKnownFileType = sourcecode.c.objc; name = DVBBadPostStorage.m; path = Models/DVBBadPostStorage.m; sourceTree = "<group>"; };
		A155FEF91AB735DD00BE31F4 /* DVBBoardsModel.h */ = {isa = PBXFileReference; fileEncoding = 4; lastKnownFileType = sourcecode.c.h; name = DVBBoardsModel.h; path = Models/DVBBoardsModel.h; sourceTree = "<group>"; };
		A155FEFA1AB735DD00BE31F4 /* DVBBoardsModel.m */ = {isa = PBXFileReference; fileEncoding = 4; lastKnownFileType = sourcecode.c.objc; name = DVBBoardsModel.m; path = Models/DVBBoardsModel.m; sourceTree = "<group>"; };
		A155FEFB1AB735DD00BE31F4 /* DVBComment.h */ = {isa = PBXFileReference; fileEncoding = 4; lastKnownFileType = sourcecode.c.h; name = DVBComment.h; path = Models/DVBComment.h; sourceTree = "<group>"; };
		A155FEFC1AB735DD00BE31F4 /* DVBComment.m */ = {isa = PBXFileReference; fileEncoding = 4; lastKnownFileType = sourcecode.c.objc; name = DVBComment.m; path = Models/DVBComment.m; sourceTree = "<group>"; };
		A155FEFD1AB735DD00BE31F4 /* DVBConstants.h */ = {isa = PBXFileReference; fileEncoding = 4; lastKnownFileType = sourcecode.c.h; name = DVBConstants.h; path = Models/DVBConstants.h; sourceTree = "<group>"; };
		A155FEFE1AB735DD00BE31F4 /* DVBConstants.m */ = {isa = PBXFileReference; fileEncoding = 4; lastKnownFileType = sourcecode.c.objc; name = DVBConstants.m; path = Models/DVBConstants.m; sourceTree = "<group>"; };
		A155FEFF1AB735DD00BE31F4 /* DVBNetworking.h */ = {isa = PBXFileReference; fileEncoding = 4; lastKnownFileType = sourcecode.c.h; name = DVBNetworking.h; path = Models/DVBNetworking.h; sourceTree = "<group>"; };
		A155FF001AB735DD00BE31F4 /* DVBNetworking.m */ = {isa = PBXFileReference; fileEncoding = 4; lastKnownFileType = sourcecode.c.objc; name = DVBNetworking.m; path = Models/DVBNetworking.m; sourceTree = "<group>"; };
		A155FF011AB735DD00BE31F4 /* DVBValidation.h */ = {isa = PBXFileReference; fileEncoding = 4; lastKnownFileType = sourcecode.c.h; name = DVBValidation.h; path = Models/DVBValidation.h; sourceTree = "<group>"; };
		A155FF021AB735DD00BE31F4 /* DVBValidation.m */ = {isa = PBXFileReference; fileEncoding = 4; lastKnownFileType = sourcecode.c.objc; name = DVBValidation.m; path = Models/DVBValidation.m; sourceTree = "<group>"; };
		A155FF0A1AB7362A00BE31F4 /* DVBBadPost.h */ = {isa = PBXFileReference; fileEncoding = 4; lastKnownFileType = sourcecode.c.h; name = DVBBadPost.h; path = Models/Objects/DVBBadPost.h; sourceTree = "<group>"; };
		A155FF0B1AB7362A00BE31F4 /* DVBBadPost.m */ = {isa = PBXFileReference; fileEncoding = 4; lastKnownFileType = sourcecode.c.objc; name = DVBBadPost.m; path = Models/Objects/DVBBadPost.m; sourceTree = "<group>"; };
		A155FF0C1AB7362A00BE31F4 /* DVBBoard.h */ = {isa = PBXFileReference; fileEncoding = 4; lastKnownFileType = sourcecode.c.h; name = DVBBoard.h; path = Models/Objects/DVBBoard.h; sourceTree = "<group>"; };
		A155FF0D1AB7362A00BE31F4 /* DVBBoard.m */ = {isa = PBXFileReference; fileEncoding = 4; lastKnownFileType = sourcecode.c.objc; name = DVBBoard.m; path = Models/Objects/DVBBoard.m; sourceTree = "<group>"; };
		A155FF0E1AB7362A00BE31F4 /* DVBPost.h */ = {isa = PBXFileReference; fileEncoding = 4; lastKnownFileType = sourcecode.c.h; name = DVBPost.h; path = Models/Objects/DVBPost.h; sourceTree = "<group>"; };
		A155FF0F1AB7362A00BE31F4 /* DVBPost.m */ = {isa = PBXFileReference; fileEncoding = 4; lastKnownFileType = sourcecode.c.objc; name = DVBPost.m; path = Models/Objects/DVBPost.m; sourceTree = "<group>"; };
		A155FF101AB7362A00BE31F4 /* DVBStatus.h */ = {isa = PBXFileReference; fileEncoding = 4; lastKnownFileType = sourcecode.c.h; name = DVBStatus.h; path = Models/Objects/DVBStatus.h; sourceTree = "<group>"; };
		A155FF111AB7362A00BE31F4 /* DVBStatus.m */ = {isa = PBXFileReference; fileEncoding = 4; lastKnownFileType = sourcecode.c.objc; name = DVBStatus.m; path = Models/Objects/DVBStatus.m; sourceTree = "<group>"; };
		A155FF121AB7362A00BE31F4 /* DVBThread.h */ = {isa = PBXFileReference; fileEncoding = 4; lastKnownFileType = sourcecode.c.h; name = DVBThread.h; path = Models/Objects/DVBThread.h; sourceTree = "<group>"; };
		A155FF131AB7362A00BE31F4 /* DVBThread.m */ = {isa = PBXFileReference; fileEncoding = 4; lastKnownFileType = sourcecode.c.objc; name = DVBThread.m; path = Models/Objects/DVBThread.m; sourceTree = "<group>"; };
		A155FF191AB7366000BE31F4 /* DVBBoardTableViewCell.h */ = {isa = PBXFileReference; fileEncoding = 4; lastKnownFileType = sourcecode.c.h; name = DVBBoardTableViewCell.h; path = Views/DVBBoardTableViewCell.h; sourceTree = "<group>"; };
		A155FF1A1AB7366000BE31F4 /* DVBBoardTableViewCell.m */ = {isa = PBXFileReference; fileEncoding = 4; lastKnownFileType = sourcecode.c.objc; name = DVBBoardTableViewCell.m; path = Views/DVBBoardTableViewCell.m; sourceTree = "<group>"; };
		A155FF1B1AB7366000BE31F4 /* DVBPostTableViewCell.h */ = {isa = PBXFileReference; fileEncoding = 4; lastKnownFileType = sourcecode.c.h; name = DVBPostTableViewCell.h; path = Views/DVBPostTableViewCell.h; sourceTree = "<group>"; };
		A155FF1C1AB7366000BE31F4 /* DVBPostTableViewCell.m */ = {isa = PBXFileReference; fileEncoding = 4; lastKnownFileType = sourcecode.c.objc; name = DVBPostTableViewCell.m; path = Views/DVBPostTableViewCell.m; sourceTree = "<group>"; };
		A155FF1D1AB7366000BE31F4 /* DVBThreadTableViewCell.h */ = {isa = PBXFileReference; fileEncoding = 4; lastKnownFileType = sourcecode.c.h; name = DVBThreadTableViewCell.h; path = Views/DVBThreadTableViewCell.h; sourceTree = "<group>"; };
		A155FF1E1AB7366000BE31F4 /* DVBThreadTableViewCell.m */ = {isa = PBXFileReference; fileEncoding = 4; lastKnownFileType = sourcecode.c.objc; name = DVBThreadTableViewCell.m; path = Views/DVBThreadTableViewCell.m; sourceTree = "<group>"; };
		A155FF581AB736F100BE31F4 /* DVBDismissSegue.h */ = {isa = PBXFileReference; fileEncoding = 4; lastKnownFileType = sourcecode.c.h; name = DVBDismissSegue.h; path = Segues/DVBDismissSegue.h; sourceTree = "<group>"; };
		A155FF591AB736F100BE31F4 /* DVBDismissSegue.m */ = {isa = PBXFileReference; fileEncoding = 4; lastKnownFileType = sourcecode.c.objc; name = DVBDismissSegue.m; path = Segues/DVBDismissSegue.m; sourceTree = "<group>"; };
		A15895FE1AB9787200D309E0 /* DVBBrowserViewControllerBuilder.h */ = {isa = PBXFileReference; fileEncoding = 4; lastKnownFileType = sourcecode.c.h; name = DVBBrowserViewControllerBuilder.h; path = Controllers/DVBBrowserViewControllerBuilder.h; sourceTree = "<group>"; };
		A15895FF1AB9787200D309E0 /* DVBBrowserViewControllerBuilder.m */ = {isa = PBXFileReference; fileEncoding = 4; lastKnownFileType = sourcecode.c.objc; name = DVBBrowserViewControllerBuilder.m; path = Controllers/DVBBrowserViewControllerBuilder.m; sourceTree = "<group>"; };
		DB2041C9957E17E7EBCCE65F /* libPods.a */ = {isa = PBXFileReference; explicitFileType = archive.ar; includeInIndex = 0; path = libPods.a; sourceTree = BUILT_PRODUCTS_DIR; };
/* End PBXFileReference section */

/* Begin PBXFrameworksBuildPhase section */
		84CFC50719E1526E004D0BB8 /* Frameworks */ = {
			isa = PBXFrameworksBuildPhase;
			buildActionMask = 2147483647;
			files = (
				9432BEF31AC821650015CA9F /* CoreData.framework in Frameworks */,
				840BFBBB1AA1B08A007651D9 /* CoreGraphics.framework in Frameworks */,
				8428B63A19EDAC74007973A8 /* UIKit.framework in Frameworks */,
				842E84E219E729F800CB9740 /* Foundation.framework in Frameworks */,
				84AA9A1319E5E5D2009C2811 /* SystemConfiguration.framework in Frameworks */,
				624BA24D3A4258536D63526C /* libPods.a in Frameworks */,
			);
			runOnlyForDeploymentPostprocessing = 0;
		};
		84CFC52019E1526E004D0BB8 /* Frameworks */ = {
			isa = PBXFrameworksBuildPhase;
			buildActionMask = 2147483647;
			files = (
			);
			runOnlyForDeploymentPostprocessing = 0;
		};
/* End PBXFrameworksBuildPhase section */

/* Begin PBXGroup section */
		8497BF2D1AD3F97D001616C2 /* Third party */ = {
			isa = PBXGroup;
			children = (
				84B74E651AE58D9300B7188E /* Reachlibility.h */,
				84B74E661AE58D9300B7188E /* Reachlibility.m */,
				8497BF2E1AD3F98F001616C2 /* GTMNSString+HTML.h */,
				8497BF2F1AD3F98F001616C2 /* GTMNSString+HTML.m */,
				8497BF301AD3F98F001616C2 /* NSString+HTML.h */,
				8497BF311AD3F98F001616C2 /* NSString+HTML.m */,
			);
			name = "Third party";
			sourceTree = "<group>";
		};
		84CF8C861A0E556C00585D88 /* Objects */ = {
			isa = PBXGroup;
			children = (
				A155FF0A1AB7362A00BE31F4 /* DVBBadPost.h */,
				A155FF0B1AB7362A00BE31F4 /* DVBBadPost.m */,
				A155FF0C1AB7362A00BE31F4 /* DVBBoard.h */,
				A155FF0D1AB7362A00BE31F4 /* DVBBoard.m */,
				A155FF0E1AB7362A00BE31F4 /* DVBPost.h */,
				A155FF0F1AB7362A00BE31F4 /* DVBPost.m */,
				A155FF101AB7362A00BE31F4 /* DVBStatus.h */,
				A155FF111AB7362A00BE31F4 /* DVBStatus.m */,
				A155FF121AB7362A00BE31F4 /* DVBThread.h */,
				A155FF131AB7362A00BE31F4 /* DVBThread.m */,
				94A2564D1AB60C2600A31230 /* DVBMessagePostServerAnswer.h */,
				94A2564E1AB60C2600A31230 /* DVBMessagePostServerAnswer.m */,
			);
			name = Objects;
			sourceTree = "<group>";
		};
		84CF8C871A0E558700585D88 /* ViewControllers */ = {
			isa = PBXGroup;
			children = (
				A155FEE31AB7355600BE31F4 /* DVBAgreementViewController.h */,
				A155FEE41AB7355600BE31F4 /* DVBAgreementViewController.m */,
				A155FEE51AB7355600BE31F4 /* DVBBoardsViewController.h */,
				A155FEE61AB7355600BE31F4 /* DVBBoardsViewController.m */,
				A155FEE71AB7355600BE31F4 /* DVBBoardViewController.h */,
				A155FEE81AB7355600BE31F4 /* DVBBoardViewController.m */,
				A155FEE91AB7355600BE31F4 /* DVBCreatePostViewController.h */,
				A155FEEA1AB7355600BE31F4 /* DVBCreatePostViewController.m */,
				A155FEED1AB7355600BE31F4 /* DVBThreadViewController.h */,
				A155FEEE1AB7355600BE31F4 /* DVBThreadViewController.m */,
				A15895FE1AB9787200D309E0 /* DVBBrowserViewControllerBuilder.h */,
				A15895FF1AB9787200D309E0 /* DVBBrowserViewControllerBuilder.m */,
			);
			name = ViewControllers;
			sourceTree = "<group>";
		};
		84CFC50119E1526E004D0BB8 = {
			isa = PBXGroup;
			children = (
				84CFC50C19E1526E004D0BB8 /* dvach-browser */,
				84CFC52619E1526E004D0BB8 /* dvach-browserTests */,
				A1ADDCC419E7B7C2009E47EA /* Frameworks */,
				9DEEB8F279E1E1CC7340EF72 /* Pods */,
			);
			sourceTree = "<group>";
		};
		84CFC50B19E1526E004D0BB8 /* Products */ = {
			isa = PBXGroup;
			children = (
				84CFC50A19E1526E004D0BB8 /* dvach-browser.app */,
				84CFC52319E1526E004D0BB8 /* dvach-browserTests.xctest */,
			);
			name = Products;
			sourceTree = "<group>";
		};
		84CFC50C19E1526E004D0BB8 /* dvach-browser */ = {
			isa = PBXGroup;
			children = (
				9436ADD31AD1B81500785710 /* Helpers */,
				A1823DC61A761C9500F01117 /* Segues */,
				84CF8C861A0E556C00585D88 /* Objects */,
				A1155D1C1A26486400810321 /* Views */,
				94131BDA1A8D44640033657C /* Models */,
				84CF8C871A0E558700585D88 /* ViewControllers */,
				84CFC51119E1526E004D0BB8 /* AppDelegate.h */,
				84CFC51219E1526E004D0BB8 /* AppDelegate.m */,
				84CFC51719E1526E004D0BB8 /* Main.storyboard */,
				84CFC51A19E1526E004D0BB8 /* Images.xcassets */,
				84CFC50D19E1526E004D0BB8 /* Supporting Files */,
				9432BEF41AC821B40015CA9F /* dvach-browser.xcdatamodeld */,
				84E29DC81AE59FA10023EEB6 /* Settings.bundle */,
			);
			path = "dvach-browser";
			sourceTree = "<group>";
		};
		84CFC50D19E1526E004D0BB8 /* Supporting Files */ = {
			isa = PBXGroup;
			children = (
				84CFC50E19E1526E004D0BB8 /* Info.plist */,
				84CFC50F19E1526E004D0BB8 /* main.m */,
				946394151A87A26C004CAB6E /* BadBoards.plist */,
				94DD37A61ACA7E5100C658EB /* DefaultBoards.plist */,
				94449B3F1AD02E9700307AE9 /* BoardCategories.plist */,
			);
			name = "Supporting Files";
			sourceTree = "<group>";
		};
		84CFC52619E1526E004D0BB8 /* dvach-browserTests */ = {
			isa = PBXGroup;
			children = (
				84CFC52919E1526E004D0BB8 /* dvach_browserTests.m */,
				84CFC52719E1526E004D0BB8 /* Supporting Files */,
			);
			path = "dvach-browserTests";
			sourceTree = "<group>";
		};
		84CFC52719E1526E004D0BB8 /* Supporting Files */ = {
			isa = PBXGroup;
			children = (
				84CFC52819E1526E004D0BB8 /* Info.plist */,
			);
			name = "Supporting Files";
			sourceTree = "<group>";
		};
		94131BDA1A8D44640033657C /* Models */ = {
			isa = PBXGroup;
			children = (
				A155FEF51AB735DD00BE31F4 /* DVBAlertViewGenerator.h */,
				A155FEF61AB735DD00BE31F4 /* DVBAlertViewGenerator.m */,
				A155FEF71AB735DD00BE31F4 /* DVBBadPostStorage.h */,
				A155FEF81AB735DD00BE31F4 /* DVBBadPostStorage.m */,
				A155FEF91AB735DD00BE31F4 /* DVBBoardsModel.h */,
				A155FEFA1AB735DD00BE31F4 /* DVBBoardsModel.m */,
				A155FEFB1AB735DD00BE31F4 /* DVBComment.h */,
				A155FEFC1AB735DD00BE31F4 /* DVBComment.m */,
				A155FEFD1AB735DD00BE31F4 /* DVBConstants.h */,
				A155FEFE1AB735DD00BE31F4 /* DVBConstants.m */,
				A155FEFF1AB735DD00BE31F4 /* DVBNetworking.h */,
				A155FF001AB735DD00BE31F4 /* DVBNetworking.m */,
				A155FF011AB735DD00BE31F4 /* DVBValidation.h */,
				A155FF021AB735DD00BE31F4 /* DVBValidation.m */,
				A100A4501AAEF56F0027F917 /* DVBBoardModel.h */,
				A100A4511AAEF56F0027F917 /* DVBBoardModel.m */,
				84653B691ABB61C800F0BD19 /* DVBPostPreparation.h */,
				84653B6A1ABB61C800F0BD19 /* DVBPostPreparation.m */,
				A15552331ABC06EF00E7DB1D /* DVBThreadModel.h */,
				A15552341ABC06EF00E7DB1D /* DVBThreadModel.m */,
			);
			name = Models;
			sourceTree = "<group>";
		};
		9436ADD31AD1B81500785710 /* Helpers */ = {
			isa = PBXGroup;
			children = (
				8497BF2D1AD3F97D001616C2 /* Third party */,
				8497BF2A1AD3F978001616C2 /* UrlNinja.h */,
				8497BF2B1AD3F978001616C2 /* UrlNinja.m */,
				9436ADD41AD1B83B00785710 /* DateFormatter.h */,
				9436ADD51AD1B83B00785710 /* DateFormatter.m */,
			);
			name = Helpers;
			sourceTree = "<group>";
		};
		9DEEB8F279E1E1CC7340EF72 /* Pods */ = {
			isa = PBXGroup;
			children = (
				24704D5E096DD80DBD0AD4EC /* Pods.debug.xcconfig */,
				8B86A1FA1CD0BE0D673988F6 /* Pods.release.xcconfig */,
			);
			name = Pods;
			sourceTree = "<group>";
		};
		A1155D1C1A26486400810321 /* Views */ = {
			isa = PBXGroup;
			children = (
				A155FF191AB7366000BE31F4 /* DVBBoardTableViewCell.h */,
				A155FF1A1AB7366000BE31F4 /* DVBBoardTableViewCell.m */,
				A155FF1B1AB7366000BE31F4 /* DVBPostTableViewCell.h */,
				A155FF1C1AB7366000BE31F4 /* DVBPostTableViewCell.m */,
				A155FF1D1AB7366000BE31F4 /* DVBThreadTableViewCell.h */,
				A155FF1E1AB7366000BE31F4 /* DVBThreadTableViewCell.m */,
				A15552361ABC3CD500E7DB1D /* DVBWrapMenuItem.h */,
				A15552371ABC3CD500E7DB1D /* DVBWrapMenuItem.m */,
			);
			name = Views;
			sourceTree = "<group>";
		};
		A1823DC61A761C9500F01117 /* Segues */ = {
			isa = PBXGroup;
			children = (
				A155FF581AB736F100BE31F4 /* DVBDismissSegue.h */,
				A155FF591AB736F100BE31F4 /* DVBDismissSegue.m */,
			);
			name = Segues;
			sourceTree = "<group>";
		};
		A1ADDCC419E7B7C2009E47EA /* Frameworks */ = {
			isa = PBXGroup;
			children = (
				9432BEF21AC821650015CA9F /* CoreData.framework */,
				840BFBBA1AA1B08A007651D9 /* CoreGraphics.framework */,
				8428B63919EDAC74007973A8 /* UIKit.framework */,
				84CFC50B19E1526E004D0BB8 /* Products */,
				842E84E119E729F800CB9740 /* Foundation.framework */,
				84AA9A1219E5E5D2009C2811 /* SystemConfiguration.framework */,
				DB2041C9957E17E7EBCCE65F /* libPods.a */,
			);
			name = Frameworks;
			sourceTree = "<group>";
		};
/* End PBXGroup section */

/* Begin PBXNativeTarget section */
		84CFC50919E1526E004D0BB8 /* dvach-browser */ = {
			isa = PBXNativeTarget;
			buildConfigurationList = 84CFC52D19E1526E004D0BB8 /* Build configuration list for PBXNativeTarget "dvach-browser" */;
			buildPhases = (
				857FF7A2A696552F8C0A2607 /* Check Pods Manifest.lock */,
				84CFC50619E1526E004D0BB8 /* Sources */,
				84CFC50719E1526E004D0BB8 /* Frameworks */,
				84CFC50819E1526E004D0BB8 /* Resources */,
				123962959E72D9D255ECCDA0 /* Copy Pods Resources */,
			);
			buildRules = (
			);
			dependencies = (
			);
			name = "dvach-browser";
			productName = "dvach-browser";
			productReference = 84CFC50A19E1526E004D0BB8 /* dvach-browser.app */;
			productType = "com.apple.product-type.application";
		};
		84CFC52219E1526E004D0BB8 /* dvach-browserTests */ = {
			isa = PBXNativeTarget;
			buildConfigurationList = 84CFC53019E1526E004D0BB8 /* Build configuration list for PBXNativeTarget "dvach-browserTests" */;
			buildPhases = (
				84CFC51F19E1526E004D0BB8 /* Sources */,
				84CFC52019E1526E004D0BB8 /* Frameworks */,
				84CFC52119E1526E004D0BB8 /* Resources */,
			);
			buildRules = (
			);
			dependencies = (
				84CFC52519E1526E004D0BB8 /* PBXTargetDependency */,
			);
			name = "dvach-browserTests";
			productName = "dvach-browserTests";
			productReference = 84CFC52319E1526E004D0BB8 /* dvach-browserTests.xctest */;
			productType = "com.apple.product-type.bundle.unit-test";
		};
/* End PBXNativeTarget section */

/* Begin PBXProject section */
		84CFC50219E1526E004D0BB8 /* Project object */ = {
			isa = PBXProject;
			attributes = {
				CLASSPREFIX = DVB;
				LastUpgradeCheck = 0600;
				ORGANIZATIONNAME = 8of;
				TargetAttributes = {
					84CFC50919E1526E004D0BB8 = {
						CreatedOnToolsVersion = 6.0.1;
					};
					84CFC52219E1526E004D0BB8 = {
						CreatedOnToolsVersion = 6.0.1;
						TestTargetID = 84CFC50919E1526E004D0BB8;
					};
				};
			};
			buildConfigurationList = 84CFC50519E1526E004D0BB8 /* Build configuration list for PBXProject "dvach-browser" */;
			compatibilityVersion = "Xcode 3.2";
			developmentRegion = English;
			hasScannedForEncodings = 0;
			knownRegions = (
				en,
				Base,
			);
			mainGroup = 84CFC50119E1526E004D0BB8;
			productRefGroup = 84CFC50B19E1526E004D0BB8 /* Products */;
			projectDirPath = "";
			projectRoot = "";
			targets = (
				84CFC50919E1526E004D0BB8 /* dvach-browser */,
				84CFC52219E1526E004D0BB8 /* dvach-browserTests */,
			);
		};
/* End PBXProject section */

/* Begin PBXResourcesBuildPhase section */
		84CFC50819E1526E004D0BB8 /* Resources */ = {
			isa = PBXResourcesBuildPhase;
			buildActionMask = 2147483647;
			files = (
				84CFC51919E1526E004D0BB8 /* Main.storyboard in Resources */,
				94DD37A71ACA7E5100C658EB /* DefaultBoards.plist in Resources */,
				84CFC51B19E1526E004D0BB8 /* Images.xcassets in Resources */,
				946394161A87A26C004CAB6E /* BadBoards.plist in Resources */,
				84E29DC91AE59FA10023EEB6 /* Settings.bundle in Resources */,
				94449B401AD02E9700307AE9 /* BoardCategories.plist in Resources */,
			);
			runOnlyForDeploymentPostprocessing = 0;
		};
		84CFC52119E1526E004D0BB8 /* Resources */ = {
			isa = PBXResourcesBuildPhase;
			buildActionMask = 2147483647;
			files = (
			);
			runOnlyForDeploymentPostprocessing = 0;
		};
/* End PBXResourcesBuildPhase section */

/* Begin PBXShellScriptBuildPhase section */
		123962959E72D9D255ECCDA0 /* Copy Pods Resources */ = {
			isa = PBXShellScriptBuildPhase;
			buildActionMask = 2147483647;
			files = (
			);
			inputPaths = (
			);
			name = "Copy Pods Resources";
			outputPaths = (
			);
			runOnlyForDeploymentPostprocessing = 0;
			shellPath = /bin/sh;
			shellScript = "\"${SRCROOT}/Pods/Target Support Files/Pods/Pods-resources.sh\"\n";
			showEnvVarsInLog = 0;
		};
		857FF7A2A696552F8C0A2607 /* Check Pods Manifest.lock */ = {
			isa = PBXShellScriptBuildPhase;
			buildActionMask = 2147483647;
			files = (
			);
			inputPaths = (
			);
			name = "Check Pods Manifest.lock";
			outputPaths = (
			);
			runOnlyForDeploymentPostprocessing = 0;
			shellPath = /bin/sh;
			shellScript = "diff \"${PODS_ROOT}/../Podfile.lock\" \"${PODS_ROOT}/Manifest.lock\" > /dev/null\nif [[ $? != 0 ]] ; then\n    cat << EOM\nerror: The sandbox is not in sync with the Podfile.lock. Run 'pod install' or update your CocoaPods installation.\nEOM\n    exit 1\nfi\n";
			showEnvVarsInLog = 0;
		};
/* End PBXShellScriptBuildPhase section */

/* Begin PBXSourcesBuildPhase section */
		84CFC50619E1526E004D0BB8 /* Sources */ = {
			isa = PBXSourcesBuildPhase;
			buildActionMask = 2147483647;
			files = (
				A155FEF11AB7355600BE31F4 /* DVBBoardViewController.m in Sources */,
				A155FF091AB735DD00BE31F4 /* DVBValidation.m in Sources */,
				A155FF181AB7362A00BE31F4 /* DVBThread.m in Sources */,
				9432BEF61AC821B40015CA9F /* dvach-browser.xcdatamodeld in Sources */,
				A155FF201AB7366000BE31F4 /* DVBPostTableViewCell.m in Sources */,
				A155FF5A1AB736F100BE31F4 /* DVBDismissSegue.m in Sources */,
				A155FEF01AB7355600BE31F4 /* DVBBoardsViewController.m in Sources */,
				8497BF341AD3F98F001616C2 /* GTMNSString+HTML.m in Sources */,
				A155FF051AB735DD00BE31F4 /* DVBBoardsModel.m in Sources */,
				A15552351ABC06EF00E7DB1D /* DVBThreadModel.m in Sources */,
				A155FF041AB735DD00BE31F4 /* DVBBadPostStorage.m in Sources */,
				A155FF071AB735DD00BE31F4 /* DVBConstants.m in Sources */,
				A155FF171AB7362A00BE31F4 /* DVBStatus.m in Sources */,
				84653B6B1ABB61C800F0BD19 /* DVBPostPreparation.m in Sources */,
				A155FF211AB7366000BE31F4 /* DVBThreadTableViewCell.m in Sources */,
				A155FF141AB7362A00BE31F4 /* DVBBadPost.m in Sources */,
				A155FEF21AB7355600BE31F4 /* DVBCreatePostViewController.m in Sources */,
				8497BF351AD3F98F001616C2 /* NSString+HTML.m in Sources */,
				8497BF2C1AD3F978001616C2 /* UrlNinja.m in Sources */,
				A155FEEF1AB7355600BE31F4 /* DVBAgreementViewController.m in Sources */,
				A15896001AB9787200D309E0 /* DVBBrowserViewControllerBuilder.m in Sources */,
				94A2564F1AB60C2600A31230 /* DVBMessagePostServerAnswer.m in Sources */,
				A155FF161AB7362A00BE31F4 /* DVBPost.m in Sources */,
				84CFC51319E1526E004D0BB8 /* AppDelegate.m in Sources */,
				A155FEF41AB7355600BE31F4 /* DVBThreadViewController.m in Sources */,
				A155FF151AB7362A00BE31F4 /* DVBBoard.m in Sources */,
				A155FF061AB735DD00BE31F4 /* DVBComment.m in Sources */,
				84B74E671AE58D9300B7188E /* Reachlibility.m in Sources */,
				A155FF1F1AB7366000BE31F4 /* DVBBoardTableViewCell.m in Sources */,
				9436ADD61AD1B83B00785710 /* DateFormatter.m in Sources */,
				A100A4521AAEF56F0027F917 /* DVBBoardModel.m in Sources */,
				A155FF081AB735DD00BE31F4 /* DVBNetworking.m in Sources */,
				84CFC51019E1526E004D0BB8 /* main.m in Sources */,
				A155FF031AB735DD00BE31F4 /* DVBAlertViewGenerator.m in Sources */,
				A15552381ABC3CD500E7DB1D /* DVBWrapMenuItem.m in Sources */,
			);
			runOnlyForDeploymentPostprocessing = 0;
		};
		84CFC51F19E1526E004D0BB8 /* Sources */ = {
			isa = PBXSourcesBuildPhase;
			buildActionMask = 2147483647;
			files = (
				84CFC52A19E1526E004D0BB8 /* dvach_browserTests.m in Sources */,
			);
			runOnlyForDeploymentPostprocessing = 0;
		};
/* End PBXSourcesBuildPhase section */

/* Begin PBXTargetDependency section */
		84CFC52519E1526E004D0BB8 /* PBXTargetDependency */ = {
			isa = PBXTargetDependency;
			target = 84CFC50919E1526E004D0BB8 /* dvach-browser */;
			targetProxy = 84CFC52419E1526E004D0BB8 /* PBXContainerItemProxy */;
		};
/* End PBXTargetDependency section */

/* Begin PBXVariantGroup section */
		84CFC51719E1526E004D0BB8 /* Main.storyboard */ = {
			isa = PBXVariantGroup;
			children = (
				84CFC51819E1526E004D0BB8 /* Base */,
			);
			name = Main.storyboard;
			sourceTree = "<group>";
		};
/* End PBXVariantGroup section */

/* Begin XCBuildConfiguration section */
		84CFC52B19E1526E004D0BB8 /* Debug */ = {
			isa = XCBuildConfiguration;
			buildSettings = {
				ALWAYS_SEARCH_USER_PATHS = NO;
				CLANG_CXX_LANGUAGE_STANDARD = "gnu++0x";
				CLANG_CXX_LIBRARY = "libc++";
				CLANG_ENABLE_MODULES = YES;
				CLANG_ENABLE_OBJC_ARC = YES;
				CLANG_WARN_BOOL_CONVERSION = YES;
				CLANG_WARN_CONSTANT_CONVERSION = YES;
				CLANG_WARN_DIRECT_OBJC_ISA_USAGE = YES_ERROR;
				CLANG_WARN_EMPTY_BODY = YES;
				CLANG_WARN_ENUM_CONVERSION = YES;
				CLANG_WARN_INT_CONVERSION = YES;
				CLANG_WARN_OBJC_ROOT_CLASS = YES_ERROR;
				CLANG_WARN_UNREACHABLE_CODE = YES;
				CLANG_WARN__DUPLICATE_METHOD_MATCH = YES;
				"CODE_SIGN_IDENTITY[sdk=iphoneos*]" = "iPhone Developer";
				COPY_PHASE_STRIP = NO;
				ENABLE_STRICT_OBJC_MSGSEND = YES;
				GCC_C_LANGUAGE_STANDARD = gnu99;
				GCC_DYNAMIC_NO_PIC = NO;
				GCC_OPTIMIZATION_LEVEL = 0;
				GCC_PREPROCESSOR_DEFINITIONS = (
					"DEBUG=1",
					"$(inherited)",
				);
				GCC_SYMBOLS_PRIVATE_EXTERN = NO;
				GCC_WARN_64_TO_32_BIT_CONVERSION = YES;
				GCC_WARN_ABOUT_RETURN_TYPE = YES_ERROR;
				GCC_WARN_UNDECLARED_SELECTOR = YES;
				GCC_WARN_UNINITIALIZED_AUTOS = YES_AGGRESSIVE;
				GCC_WARN_UNUSED_FUNCTION = YES;
				GCC_WARN_UNUSED_VARIABLE = YES;
				IPHONEOS_DEPLOYMENT_TARGET = 8.1;
				MTL_ENABLE_DEBUG_INFO = YES;
				ONLY_ACTIVE_ARCH = YES;
				SDKROOT = iphoneos;
				TARGETED_DEVICE_FAMILY = "1,2";
			};
			name = Debug;
		};
		84CFC52C19E1526E004D0BB8 /* Release */ = {
			isa = XCBuildConfiguration;
			buildSettings = {
				ALWAYS_SEARCH_USER_PATHS = NO;
				CLANG_CXX_LANGUAGE_STANDARD = "gnu++0x";
				CLANG_CXX_LIBRARY = "libc++";
				CLANG_ENABLE_MODULES = YES;
				CLANG_ENABLE_OBJC_ARC = YES;
				CLANG_WARN_BOOL_CONVERSION = YES;
				CLANG_WARN_CONSTANT_CONVERSION = YES;
				CLANG_WARN_DIRECT_OBJC_ISA_USAGE = YES_ERROR;
				CLANG_WARN_EMPTY_BODY = YES;
				CLANG_WARN_ENUM_CONVERSION = YES;
				CLANG_WARN_INT_CONVERSION = YES;
				CLANG_WARN_OBJC_ROOT_CLASS = YES_ERROR;
				CLANG_WARN_UNREACHABLE_CODE = YES;
				CLANG_WARN__DUPLICATE_METHOD_MATCH = YES;
				"CODE_SIGN_IDENTITY[sdk=iphoneos*]" = "iPhone Developer";
				COPY_PHASE_STRIP = YES;
				ENABLE_NS_ASSERTIONS = NO;
				ENABLE_STRICT_OBJC_MSGSEND = YES;
				GCC_C_LANGUAGE_STANDARD = gnu99;
				GCC_WARN_64_TO_32_BIT_CONVERSION = YES;
				GCC_WARN_ABOUT_RETURN_TYPE = YES_ERROR;
				GCC_WARN_UNDECLARED_SELECTOR = YES;
				GCC_WARN_UNINITIALIZED_AUTOS = YES_AGGRESSIVE;
				GCC_WARN_UNUSED_FUNCTION = YES;
				GCC_WARN_UNUSED_VARIABLE = YES;
				IPHONEOS_DEPLOYMENT_TARGET = 8.1;
				MTL_ENABLE_DEBUG_INFO = NO;
				SDKROOT = iphoneos;
				TARGETED_DEVICE_FAMILY = "1,2";
				VALIDATE_PRODUCT = YES;
			};
			name = Release;
		};
		84CFC52E19E1526E004D0BB8 /* Debug */ = {
			isa = XCBuildConfiguration;
			baseConfigurationReference = 24704D5E096DD80DBD0AD4EC /* Pods.debug.xcconfig */;
			buildSettings = {
				ASSETCATALOG_COMPILER_APPICON_NAME = AppIcon;
				ASSETCATALOG_COMPILER_LAUNCHIMAGE_NAME = LaunchImage;
				CLANG_ENABLE_MODULES = YES;
				CODE_SIGN_IDENTITY = "iPhone Developer";
				"CODE_SIGN_IDENTITY[sdk=iphoneos*]" = "iPhone Developer";
				GCC_PRECOMPILE_PREFIX_HEADER = YES;
				GCC_PREFIX_HEADER = "";
				INFOPLIST_FILE = "dvach-browser/Info.plist";
				IPHONEOS_DEPLOYMENT_TARGET = 7.0;
				LD_RUNPATH_SEARCH_PATHS = "$(inherited) @executable_path/Frameworks";
				PRODUCT_NAME = "$(TARGET_NAME)";
				PROVISIONING_PROFILE = "";
				SWIFT_OPTIMIZATION_LEVEL = "-Onone";
			};
			name = Debug;
		};
		84CFC52F19E1526E004D0BB8 /* Release */ = {
			isa = XCBuildConfiguration;
			baseConfigurationReference = 8B86A1FA1CD0BE0D673988F6 /* Pods.release.xcconfig */;
			buildSettings = {
				ASSETCATALOG_COMPILER_APPICON_NAME = AppIcon;
				ASSETCATALOG_COMPILER_LAUNCHIMAGE_NAME = LaunchImage;
				CLANG_ENABLE_MODULES = YES;
				CODE_SIGN_IDENTITY = "iPhone Developer";
				"CODE_SIGN_IDENTITY[sdk=iphoneos*]" = "iPhone Developer";
				GCC_PRECOMPILE_PREFIX_HEADER = YES;
				GCC_PREFIX_HEADER = "";
				INFOPLIST_FILE = "dvach-browser/Info.plist";
				IPHONEOS_DEPLOYMENT_TARGET = 7.0;
				LD_RUNPATH_SEARCH_PATHS = "$(inherited) @executable_path/Frameworks";
				PRODUCT_NAME = "$(TARGET_NAME)";
				PROVISIONING_PROFILE = "";
			};
			name = Release;
		};
		84CFC53119E1526E004D0BB8 /* Debug */ = {
			isa = XCBuildConfiguration;
			buildSettings = {
				BUNDLE_LOADER = "$(TEST_HOST)";
				FRAMEWORK_SEARCH_PATHS = (
					"$(SDKROOT)/Developer/Library/Frameworks",
					"$(inherited)",
				);
				GCC_PREPROCESSOR_DEFINITIONS = (
					"DEBUG=1",
					"$(inherited)",
				);
				INFOPLIST_FILE = "dvach-browserTests/Info.plist";
				LD_RUNPATH_SEARCH_PATHS = "$(inherited) @executable_path/Frameworks @loader_path/Frameworks";
				PRODUCT_NAME = "$(TARGET_NAME)";
				TEST_HOST = "$(BUILT_PRODUCTS_DIR)/dvach-browser.app/dvach-browser";
			};
			name = Debug;
		};
		84CFC53219E1526E004D0BB8 /* Release */ = {
			isa = XCBuildConfiguration;
			buildSettings = {
				BUNDLE_LOADER = "$(TEST_HOST)";
				FRAMEWORK_SEARCH_PATHS = (
					"$(SDKROOT)/Developer/Library/Frameworks",
					"$(inherited)",
				);
				INFOPLIST_FILE = "dvach-browserTests/Info.plist";
				LD_RUNPATH_SEARCH_PATHS = "$(inherited) @executable_path/Frameworks @loader_path/Frameworks";
				PRODUCT_NAME = "$(TARGET_NAME)";
				TEST_HOST = "$(BUILT_PRODUCTS_DIR)/dvach-browser.app/dvach-browser";
			};
			name = Release;
		};
/* End XCBuildConfiguration section */

/* Begin XCConfigurationList section */
		84CFC50519E1526E004D0BB8 /* Build configuration list for PBXProject "dvach-browser" */ = {
			isa = XCConfigurationList;
			buildConfigurations = (
				84CFC52B19E1526E004D0BB8 /* Debug */,
				84CFC52C19E1526E004D0BB8 /* Release */,
			);
			defaultConfigurationIsVisible = 0;
			defaultConfigurationName = Release;
		};
		84CFC52D19E1526E004D0BB8 /* Build configuration list for PBXNativeTarget "dvach-browser" */ = {
			isa = XCConfigurationList;
			buildConfigurations = (
				84CFC52E19E1526E004D0BB8 /* Debug */,
				84CFC52F19E1526E004D0BB8 /* Release */,
			);
			defaultConfigurationIsVisible = 0;
			defaultConfigurationName = Release;
		};
		84CFC53019E1526E004D0BB8 /* Build configuration list for PBXNativeTarget "dvach-browserTests" */ = {
			isa = XCConfigurationList;
			buildConfigurations = (
				84CFC53119E1526E004D0BB8 /* Debug */,
				84CFC53219E1526E004D0BB8 /* Release */,
			);
			defaultConfigurationIsVisible = 0;
			defaultConfigurationName = Release;
		};
/* End XCConfigurationList section */

/* Begin XCVersionGroup section */
		9432BEF41AC821B40015CA9F /* dvach-browser.xcdatamodeld */ = {
			isa = XCVersionGroup;
			children = (
				9432BEF51AC821B40015CA9F /* dvach-browser.xcdatamodel */,
			);
			currentVersion = 9432BEF51AC821B40015CA9F /* dvach-browser.xcdatamodel */;
			path = "dvach-browser.xcdatamodeld";
			sourceTree = "<group>";
			versionGroupType = wrapper.xcdatamodel;
		};
/* End XCVersionGroup section */
	};
	rootObject = 84CFC50219E1526E004D0BB8 /* Project object */;
}
